
Microsoft Visual Studio Solution File, Format Version 12.00
# Visual Studio Version 16
VisualStudioVersion = 16.0.30413.136
MinimumVisualStudioVersion = 10.0.40219.1
Project("{FAE04EC0-301F-11D3-BF4B-00C04F79EFBC}") = "APISecureStudent", "APISecureStudent\APISecureStudent.csproj", "{3AC84101-B7F6-48F7-8C52-5A7999CF798F}"
EndProject
Project("{FAE04EC0-301F-11D3-BF4B-00C04F79EFBC}") = "UTSecureStudent.Test", "UTSecureStudent.Test\UTSecureStudent.Test.csproj", "{596CBFDE-A5BC-4577-A106-AC0FB9A0CA7F}"
EndProject
Project("{FAE04EC0-301F-11D3-BF4B-00C04F79EFBC}") = "admSecureStudent", "admSecureStudent\admSecureStudent.csproj", "{49E00E94-2D64-4972-8AD6-AE0B4BC95F3D}"
EndProject
Project("{FAE04EC0-301F-11D3-BF4B-00C04F79EFBC}") = "SecureStudent.Tests", "SecureStudent.Tests\SecureStudent.Tests.csproj", "{6EEC1CF0-54CD-4C05-BB7F-83E712D871D7}"
EndProject
Global
	GlobalSection(SolutionConfigurationPlatforms) = preSolution
		Debug|Any CPU = Debug|Any CPU
		Release|Any CPU = Release|Any CPU
	EndGlobalSection
	GlobalSection(ProjectConfigurationPlatforms) = postSolution
		{3AC84101-B7F6-48F7-8C52-5A7999CF798F}.Debug|Any CPU.ActiveCfg = Debug|Any CPU
		{3AC84101-B7F6-48F7-8C52-5A7999CF798F}.Debug|Any CPU.Build.0 = Debug|Any CPU
		{3AC84101-B7F6-48F7-8C52-5A7999CF798F}.Release|Any CPU.ActiveCfg = Release|Any CPU
		{3AC84101-B7F6-48F7-8C52-5A7999CF798F}.Release|Any CPU.Build.0 = Release|Any CPU
		{596CBFDE-A5BC-4577-A106-AC0FB9A0CA7F}.Debug|Any CPU.ActiveCfg = Debug|Any CPU
		{596CBFDE-A5BC-4577-A106-AC0FB9A0CA7F}.Debug|Any CPU.Build.0 = Debug|Any CPU
		{596CBFDE-A5BC-4577-A106-AC0FB9A0CA7F}.Release|Any CPU.ActiveCfg = Release|Any CPU
		{596CBFDE-A5BC-4577-A106-AC0FB9A0CA7F}.Release|Any CPU.Build.0 = Release|Any CPU
		{49E00E94-2D64-4972-8AD6-AE0B4BC95F3D}.Debug|Any CPU.ActiveCfg = Debug|Any CPU
		{49E00E94-2D64-4972-8AD6-AE0B4BC95F3D}.Debug|Any CPU.Build.0 = Debug|Any CPU
		{49E00E94-2D64-4972-8AD6-AE0B4BC95F3D}.Release|Any CPU.ActiveCfg = Release|Any CPU
		{49E00E94-2D64-4972-8AD6-AE0B4BC95F3D}.Release|Any CPU.Build.0 = Release|Any CPU
		{6EEC1CF0-54CD-4C05-BB7F-83E712D871D7}.Debug|Any CPU.ActiveCfg = Debug|Any CPU
		{6EEC1CF0-54CD-4C05-BB7F-83E712D871D7}.Debug|Any CPU.Build.0 = Debug|Any CPU
		{6EEC1CF0-54CD-4C05-BB7F-83E712D871D7}.Release|Any CPU.ActiveCfg = Release|Any CPU
		{6EEC1CF0-54CD-4C05-BB7F-83E712D871D7}.Release|Any CPU.Build.0 = Release|Any CPU
	EndGlobalSection
	GlobalSection(SolutionProperties) = preSolution
		HideSolutionNode = FALSE
	EndGlobalSection
	GlobalSection(ExtensibilityGlobals) = postSolution
		SolutionGuid = {A43A17EC-3790-4B8E-AA47-1F9F9E5E1AD3}
	EndGlobalSection
EndGlobal
